
Microsoft Visual Studio Solution File, Format Version 12.00
# Visual Studio 2013
VisualStudioVersion = 12.0.30501.0
MinimumVisualStudioVersion = 10.0.40219.1
Project("{FAE04EC0-301F-11D3-BF4B-00C04F79EFBC}") = "VideoControllerAndRetrofit", "VideoControllerAndRetrofit\VideoControllerAndRetrofit.csproj", "{78A8E63A-DBCF-41E5-95C3-41117CBCE3F4}"
EndProject
Project("{FAE04EC0-301F-11D3-BF4B-00C04F79EFBC}") = "VideoControllerAndRetrofit.Tests", "VideoControllerAndRetrofit.Tests\VideoControllerAndRetrofit.Tests.csproj", "{317F8734-8FBD-4BA0-85E1-6B0F423F7B28}"
EndProject
Global
	GlobalSection(SolutionConfigurationPlatforms) = preSolution
		Debug|Any CPU = Debug|Any CPU
		Release|Any CPU = Release|Any CPU
	EndGlobalSection
	GlobalSection(ProjectConfigurationPlatforms) = postSolution
		{78A8E63A-DBCF-41E5-95C3-41117CBCE3F4}.Debug|Any CPU.ActiveCfg = Debug|Any CPU
		{78A8E63A-DBCF-41E5-95C3-41117CBCE3F4}.Debug|Any CPU.Build.0 = Debug|Any CPU
		{78A8E63A-DBCF-41E5-95C3-41117CBCE3F4}.Release|Any CPU.ActiveCfg = Release|Any CPU
		{78A8E63A-DBCF-41E5-95C3-41117CBCE3F4}.Release|Any CPU.Build.0 = Release|Any CPU
		{317F8734-8FBD-4BA0-85E1-6B0F423F7B28}.Debug|Any CPU.ActiveCfg = Debug|Any CPU
		{317F8734-8FBD-4BA0-85E1-6B0F423F7B28}.Debug|Any CPU.Build.0 = Debug|Any CPU
		{317F8734-8FBD-4BA0-85E1-6B0F423F7B28}.Release|Any CPU.ActiveCfg = Release|Any CPU
		{317F8734-8FBD-4BA0-85E1-6B0F423F7B28}.Release|Any CPU.Build.0 = Release|Any CPU
	EndGlobalSection
	GlobalSection(SolutionProperties) = preSolution
		HideSolutionNode = FALSE
	EndGlobalSection
EndGlobal
